// !$*UTF8*$!
{
	archiveVersion = 1;
	classes = {
	};
	objectVersion = 50;
	objects = {

/* Begin PBXBuildFile section */
		EEBDA009235604B900ACB57D /* AppDelegate.swift in Sources */ = {isa = PBXBuildFile; fileRef = EEBDA008235604B900ACB57D /* AppDelegate.swift */; };
		EEBDA00B235604B900ACB57D /* SceneDelegate.swift in Sources */ = {isa = PBXBuildFile; fileRef = EEBDA00A235604B900ACB57D /* SceneDelegate.swift */; };
		EEBDA00E235604B900ACB57D /* ToDoList.xcdatamodeld in Sources */ = {isa = PBXBuildFile; fileRef = EEBDA00C235604B900ACB57D /* ToDoList.xcdatamodeld */; };
		EEBDA010235604B900ACB57D /* ContentView.swift in Sources */ = {isa = PBXBuildFile; fileRef = EEBDA00F235604B900ACB57D /* ContentView.swift */; };
		EEBDA012235604BC00ACB57D /* Assets.xcassets in Resources */ = {isa = PBXBuildFile; fileRef = EEBDA011235604BC00ACB57D /* Assets.xcassets */; };
		EEBDA015235604BC00ACB57D /* Preview Assets.xcassets in Resources */ = {isa = PBXBuildFile; fileRef = EEBDA014235604BC00ACB57D /* Preview Assets.xcassets */; };
		EEBDA018235604BC00ACB57D /* LaunchScreen.storyboard in Resources */ = {isa = PBXBuildFile; fileRef = EEBDA016235604BC00ACB57D /* LaunchScreen.storyboard */; };
		EEBDA0202356057500ACB57D /* ToDoItem.swift in Sources */ = {isa = PBXBuildFile; fileRef = EEBDA01F2356057500ACB57D /* ToDoItem.swift */; };
		EEBDA02223560BA400ACB57D /* ToDoItemView.swift in Sources */ = {isa = PBXBuildFile; fileRef = EEBDA02123560BA300ACB57D /* ToDoItemView.swift */; };
/* End PBXBuildFile section */

/* Begin PBXFileReference section */
		EEBDA005235604B900ACB57D /* ToDoList.app */ = {isa = PBXFileReference; explicitFileType = wrapper.application; includeInIndex = 0; path = ToDoList.app; sourceTree = BUILT_PRODUCTS_DIR; };
		EEBDA008235604B900ACB57D /* AppDelegate.swift */ = {isa = PBXFileReference; lastKnownFileType = sourcecode.swift; path = AppDelegate.swift; sourceTree = "<group>"; };
		EEBDA00A235604B900ACB57D /* SceneDelegate.swift */ = {isa = PBXFileReference; lastKnownFileType = sourcecode.swift; path = SceneDelegate.swift; sourceTree = "<group>"; };
		EEBDA00D235604B900ACB57D /* ToDoList.xcdatamodel */ = {isa = PBXFileReference; lastKnownFileType = wrapper.xcdatamodel; path = ToDoList.xcdatamodel; sourceTree = "<group>"; };
		EEBDA00F235604B900ACB57D /* ContentView.swift */ = {isa = PBXFileReference; lastKnownFileType = sourcecode.swift; path = ContentView.swift; sourceTree = "<group>"; };
		EEBDA011235604BC00ACB57D /* Assets.xcassets */ = {isa = PBXFileReference; lastKnownFileType = folder.assetcatalog; path = Assets.xcassets; sourceTree = "<group>"; };
		EEBDA014235604BC00ACB57D /* Preview Assets.xcassets */ = {isa = PBXFileReference; lastKnownFileType = folder.assetcatalog; path = "Preview Assets.xcassets"; sourceTree = "<group>"; };
		EEBDA017235604BC00ACB57D /* Base */ = {isa = PBXFileReference; lastKnownFileType = file.storyboard; name = Base; path = Base.lproj/LaunchScreen.storyboard; sourceTree = "<group>"; };
		EEBDA019235604BC00ACB57D /* Info.plist */ = {isa = PBXFileReference; lastKnownFileType = text.plist.xml; path = Info.plist; sourceTree = "<group>"; };
		EEBDA01F2356057500ACB57D /* ToDoItem.swift */ = {isa = PBXFileReference; lastKnownFileType = sourcecode.swift; path = ToDoItem.swift; sourceTree = "<group>"; };
		EEBDA02123560BA300ACB57D /* ToDoItemView.swift */ = {isa = PBXFileReference; lastKnownFileType = sourcecode.swift; path = ToDoItemView.swift; sourceTree = "<group>"; };
/* End PBXFileReference section */

/* Begin PBXFrameworksBuildPhase section */
		EEBDA002235604B900ACB57D /* Frameworks */ = {
			isa = PBXFrameworksBuildPhase;
			buildActionMask = 2147483647;
			files = (
			);
			runOnlyForDeploymentPostprocessing = 0;
		};
/* End PBXFrameworksBuildPhase section */

/* Begin PBXGroup section */
		EEBD9FFC235604B900ACB57D = {
			isa = PBXGroup;
			children = (
				EEBDA007235604B900ACB57D /* ToDoList */,
				EEBDA006235604B900ACB57D /* Products */,
			);
			sourceTree = "<group>";
		};
		EEBDA006235604B900ACB57D /* Products */ = {
			isa = PBXGroup;
			children = (
				EEBDA005235604B900ACB57D /* ToDoList.app */,
			);
			name = Products;
			sourceTree = "<group>";
		};
		EEBDA007235604B900ACB57D /* ToDoList */ = {
			isa = PBXGroup;
			children = (
				EEBDA008235604B900ACB57D /* AppDelegate.swift */,
				EEBDA00A235604B900ACB57D /* SceneDelegate.swift */,
				EEBDA00F235604B900ACB57D /* ContentView.swift */,
				EEBDA02123560BA300ACB57D /* ToDoItemView.swift */,
				EEBDA01F2356057500ACB57D /* ToDoItem.swift */,
				EEBDA011235604BC00ACB57D /* Assets.xcassets */,
				EEBDA016235604BC00ACB57D /* LaunchScreen.storyboard */,
				EEBDA019235604BC00ACB57D /* Info.plist */,
				EEBDA00C235604B900ACB57D /* ToDoList.xcdatamodeld */,
				EEBDA013235604BC00ACB57D /* Preview Content */,
			);
			path = ToDoList;
			sourceTree = "<group>";
		};
		EEBDA013235604BC00ACB57D /* Preview Content */ = {
			isa = PBXGroup;
			children = (
				EEBDA014235604BC00ACB57D /* Preview Assets.xcassets */,
			);
			path = "Preview Content";
			sourceTree = "<group>";
		};
/* End PBXGroup section */

/* Begin PBXNativeTarget section */
		EEBDA004235604B900ACB57D /* ToDoList */ = {
			isa = PBXNativeTarget;
			buildConfigurationList = EEBDA01C235604BC00ACB57D /* Build configuration list for PBXNativeTarget "ToDoList" */;
			buildPhases = (
				EEBDA001235604B900ACB57D /* Sources */,
				EEBDA002235604B900ACB57D /* Frameworks */,
				EEBDA003235604B900ACB57D /* Resources */,
			);
			buildRules = (
			);
			dependencies = (
			);
			name = ToDoList;
			productName = ToDoList;
			productReference = EEBDA005235604B900ACB57D /* ToDoList.app */;
			productType = "com.apple.product-type.application";
		};
/* End PBXNativeTarget section */

/* Begin PBXProject section */
		EEBD9FFD235604B900ACB57D /* Project object */ = {
			isa = PBXProject;
			attributes = {
				LastSwiftUpdateCheck = 1110;
				LastUpgradeCheck = 1110;
				ORGANIZATIONNAME = "Victor S Melo";
				TargetAttributes = {
					EEBDA004235604B900ACB57D = {
						CreatedOnToolsVersion = 11.1;
					};
				};
			};
			buildConfigurationList = EEBDA000235604B900ACB57D /* Build configuration list for PBXProject "ToDoList" */;
			compatibilityVersion = "Xcode 9.3";
			developmentRegion = en;
			hasScannedForEncodings = 0;
			knownRegions = (
				en,
				Base,
			);
			mainGroup = EEBD9FFC235604B900ACB57D;
			productRefGroup = EEBDA006235604B900ACB57D /* Products */;
			projectDirPath = "";
			projectRoot = "";
			targets = (
				EEBDA004235604B900ACB57D /* ToDoList */,
			);
		};
/* End PBXProject section */

/* Begin PBXResourcesBuildPhase section */
		EEBDA003235604B900ACB57D /* Resources */ = {
			isa = PBXResourcesBuildPhase;
			buildActionMask = 2147483647;
			files = (
				EEBDA018235604BC00ACB57D /* LaunchScreen.storyboard in Resources */,
				EEBDA015235604BC00ACB57D /* Preview Assets.xcassets in Resources */,
				EEBDA012235604BC00ACB57D /* Assets.xcassets in Resources */,
			);
			runOnlyForDeploymentPostprocessing = 0;
		};
/* End PBXResourcesBuildPhase section */

/* Begin PBXSourcesBuildPhase section */
		EEBDA001235604B900ACB57D /* Sources */ = {
			isa = PBXSourcesBuildPhase;
			buildActionMask = 2147483647;
			files = (
				EEBDA009235604B900ACB57D /* AppDelegate.swift in Sources */,
				EEBDA02223560BA400ACB57D /* ToDoItemView.swift in Sources */,
				EEBDA00E235604B900ACB57D /* ToDoList.xcdatamodeld in Sources */,
				EEBDA0202356057500ACB57D /* ToDoItem.swift in Sources */,
				EEBDA010235604B900ACB57D /* ContentView.swift in Sources */,
				EEBDA00B235604B900ACB57D /* SceneDelegate.swift in Sources */,
			);
			runOnlyForDeploymentPostprocessing = 0;
		};
/* End PBXSourcesBuildPhase section */

/* Begin PBXVariantGroup section */
		EEBDA016235604BC00ACB57D /* LaunchScreen.storyboard */ = {
			isa = PBXVariantGroup;
			children = (
				EEBDA017235604BC00ACB57D /* Base */,
			);
			name = LaunchScreen.storyboard;
			sourceTree = "<group>";
		};
/* End PBXVariantGroup section */

/* Begin XCBuildConfiguration section */
		EEBDA01A235604BC00ACB57D /* Debug */ = {
			isa = XCBuildConfiguration;
			buildSettings = {
				ALWAYS_SEARCH_USER_PATHS = NO;
				CLANG_ANALYZER_NONNULL = YES;
				CLANG_ANALYZER_NUMBER_OBJECT_CONVERSION = YES_AGGRESSIVE;
				CLANG_CXX_LANGUAGE_STANDARD = "gnu++14";
				CLANG_CXX_LIBRARY = "libc++";
				CLANG_ENABLE_MODULES = YES;
				CLANG_ENABLE_OBJC_ARC = YES;
				CLANG_ENABLE_OBJC_WEAK = YES;
				CLANG_WARN_BLOCK_CAPTURE_AUTORELEASING = YES;
				CLANG_WARN_BOOL_CONVERSION = YES;
				CLANG_WARN_COMMA = YES;
				CLANG_WARN_CONSTANT_CONVERSION = YES;
				CLANG_WARN_DEPRECATED_OBJC_IMPLEMENTATIONS = YES;
				CLANG_WARN_DIRECT_OBJC_ISA_USAGE = YES_ERROR;
				CLANG_WARN_DOCUMENTATION_COMMENTS = YES;
				CLANG_WARN_EMPTY_BODY = YES;
				CLANG_WARN_ENUM_CONVERSION = YES;
				CLANG_WARN_INFINITE_RECURSION = YES;
				CLANG_WARN_INT_CONVERSION = YES;
				CLANG_WARN_NON_LITERAL_NULL_CONVERSION = YES;
				CLANG_WARN_OBJC_IMPLICIT_RETAIN_SELF = YES;
				CLANG_WARN_OBJC_LITERAL_CONVERSION = YES;
				CLANG_WARN_OBJC_ROOT_CLASS = YES_ERROR;
				CLANG_WARN_RANGE_LOOP_ANALYSIS = YES;
				CLANG_WARN_STRICT_PROTOTYPES = YES;
				CLANG_WARN_SUSPICIOUS_MOVE = YES;
				CLANG_WARN_UNGUARDED_AVAILABILITY = YES_AGGRESSIVE;
				CLANG_WARN_UNREACHABLE_CODE = YES;
				CLANG_WARN__DUPLICATE_METHOD_MATCH = YES;
				COPY_PHASE_STRIP = NO;
				DEBUG_INFORMATION_FORMAT = dwarf;
				ENABLE_STRICT_OBJC_MSGSEND = YES;
				ENABLE_TESTABILITY = YES;
				GCC_C_LANGUAGE_STANDARD = gnu11;
				GCC_DYNAMIC_NO_PIC = NO;
				GCC_NO_COMMON_BLOCKS = YES;
				GCC_OPTIMIZATION_LEVEL = 0;
				GCC_PREPROCESSOR_DEFINITIONS = (
					"DEBUG=1",
					"$(inherited)",
				);
				GCC_WARN_64_TO_32_BIT_CONVERSION = YES;
				GCC_WARN_ABOUT_RETURN_TYPE = YES_ERROR;
				GCC_WARN_UNDECLARED_SELECTOR = YES;
				GCC_WARN_UNINITIALIZED_AUTOS = YES_AGGRESSIVE;
				GCC_WARN_UNUSED_FUNCTION = YES;
				GCC_WARN_UNUSED_VARIABLE = YES;
				IPHONEOS_DEPLOYMENT_TARGET = 13.1;
				MTL_ENABLE_DEBUG_INFO = INCLUDE_SOURCE;
				MTL_FAST_MATH = YES;
				ONLY_ACTIVE_ARCH = YES;
				SDKROOT = iphoneos;
				SWIFT_ACTIVE_COMPILATION_CONDITIONS = DEBUG;
				SWIFT_OPTIMIZATION_LEVEL = "-Onone";
			};
			name = Debug;
		};
		EEBDA01B235604BC00ACB57D /* Release */ = {
			isa = XCBuildConfiguration;
			buildSettings = {
				ALWAYS_SEARCH_USER_PATHS = NO;
				CLANG_ANALYZER_NONNULL = YES;
				CLANG_ANALYZER_NUMBER_OBJECT_CONVERSION = YES_AGGRESSIVE;
				CLANG_CXX_LANGUAGE_STANDARD = "gnu++14";
				CLANG_CXX_LIBRARY = "libc++";
				CLANG_ENABLE_MODULES = YES;
				CLANG_ENABLE_OBJC_ARC = YES;
				CLANG_ENABLE_OBJC_WEAK = YES;
				CLANG_WARN_BLOCK_CAPTURE_AUTORELEASING = YES;
				CLANG_WARN_BOOL_CONVERSION = YES;
				CLANG_WARN_COMMA = YES;
				CLANG_WARN_CONSTANT_CONVERSION = YES;
				CLANG_WARN_DEPRECATED_OBJC_IMPLEMENTATIONS = YES;
				CLANG_WARN_DIRECT_OBJC_ISA_USAGE = YES_ERROR;
				CLANG_WARN_DOCUMENTATION_COMMENTS = YES;
				CLANG_WARN_EMPTY_BODY = YES;
				CLANG_WARN_ENUM_CONVERSION = YES;
				CLANG_WARN_INFINITE_RECURSION = YES;
				CLANG_WARN_INT_CONVERSION = YES;
				CLANG_WARN_NON_LITERAL_NULL_CONVERSION = YES;
				CLANG_WARN_OBJC_IMPLICIT_RETAIN_SELF = YES;
				CLANG_WARN_OBJC_LITERAL_CONVERSION = YES;
				CLANG_WARN_OBJC_ROOT_CLASS = YES_ERROR;
				CLANG_WARN_RANGE_LOOP_ANALYSIS = YES;
				CLANG_WARN_STRICT_PROTOTYPES = YES;
				CLANG_WARN_SUSPICIOUS_MOVE = YES;
				CLANG_WARN_UNGUARDED_AVAILABILITY = YES_AGGRESSIVE;
				CLANG_WARN_UNREACHABLE_CODE = YES;
				CLANG_WARN__DUPLICATE_METHOD_MATCH = YES;
				COPY_PHASE_STRIP = NO;
				DEBUG_INFORMATION_FORMAT = "dwarf-with-dsym";
				ENABLE_NS_ASSERTIONS = NO;
				ENABLE_STRICT_OBJC_MSGSEND = YES;
				GCC_C_LANGUAGE_STANDARD = gnu11;
				GCC_NO_COMMON_BLOCKS = YES;
				GCC_WARN_64_TO_32_BIT_CONVERSION = YES;
				GCC_WARN_ABOUT_RETURN_TYPE = YES_ERROR;
				GCC_WARN_UNDECLARED_SELECTOR = YES;
				GCC_WARN_UNINITIALIZED_AUTOS = YES_AGGRESSIVE;
				GCC_WARN_UNUSED_FUNCTION = YES;
				GCC_WARN_UNUSED_VARIABLE = YES;
				IPHONEOS_DEPLOYMENT_TARGET = 13.1;
				MTL_ENABLE_DEBUG_INFO = NO;
				MTL_FAST_MATH = YES;
				SDKROOT = iphoneos;
				SWIFT_COMPILATION_MODE = wholemodule;
				SWIFT_OPTIMIZATION_LEVEL = "-O";
				VALIDATE_PRODUCT = YES;
			};
			name = Release;
		};
		EEBDA01D235604BC00ACB57D /* Debug */ = {
			isa = XCBuildConfiguration;
			buildSettings = {
				ASSETCATALOG_COMPILER_APPICON_NAME = AppIcon;
				CODE_SIGN_STYLE = Automatic;
				DEVELOPMENT_ASSET_PATHS = "\"ToDoList/Preview Content\"";
				DEVELOPMENT_TEAM = Y93HUJS49V;
				ENABLE_PREVIEWS = YES;
				INFOPLIST_FILE = ToDoList/Info.plist;
				LD_RUNPATH_SEARCH_PATHS = (
					"$(inherited)",
					"@executable_path/Frameworks",
				);
				PRODUCT_BUNDLE_IDENTIFIER = br.com.victormelo.ToDoList;
				PRODUCT_NAME = "$(TARGET_NAME)";
				SWIFT_VERSION = 5.0;
				TARGETED_DEVICE_FAMILY = "1,2";
			};
			name = Debug;
		};
		EEBDA01E235604BC00ACB57D /* Release */ = {
			isa = XCBuildConfiguration;
			buildSettings = {
				ASSETCATALOG_COMPILER_APPICON_NAME = AppIcon;
				CODE_SIGN_STYLE = Automatic;
				DEVELOPMENT_ASSET_PATHS = "\"ToDoList/Preview Content\"";
				DEVELOPMENT_TEAM = Y93HUJS49V;
				ENABLE_PREVIEWS = YES;
				INFOPLIST_FILE = ToDoList/Info.plist;
				LD_RUNPATH_SEARCH_PATHS = (
					"$(inherited)",
					"@executable_path/Frameworks",
				);
				PRODUCT_BUNDLE_IDENTIFIER = br.com.victormelo.ToDoList;
				PRODUCT_NAME = "$(TARGET_NAME)";
				SWIFT_VERSION = 5.0;
				TARGETED_DEVICE_FAMILY = "1,2";
			};
			name = Release;
		};
/* End XCBuildConfiguration section */

/* Begin XCConfigurationList section */
		EEBDA000235604B900ACB57D /* Build configuration list for PBXProject "ToDoList" */ = {
			isa = XCConfigurationList;
			buildConfigurations = (
				EEBDA01A235604BC00ACB57D /* Debug */,
				EEBDA01B235604BC00ACB57D /* Release */,
			);
			defaultConfigurationIsVisible = 0;
			defaultConfigurationName = Release;
		};
		EEBDA01C235604BC00ACB57D /* Build configuration list for PBXNativeTarget "ToDoList" */ = {
			isa = XCConfigurationList;
			buildConfigurations = (
				EEBDA01D235604BC00ACB57D /* Debug */,
				EEBDA01E235604BC00ACB57D /* Release */,
			);
			defaultConfigurationIsVisible = 0;
			defaultConfigurationName = Release;
		};
/* End XCConfigurationList section */

/* Begin XCVersionGroup section */
		EEBDA00C235604B900ACB57D /* ToDoList.xcdatamodeld */ = {
			isa = XCVersionGroup;
			children = (
				EEBDA00D235604B900ACB57D /* ToDoList.xcdatamodel */,
			);
			currentVersion = EEBDA00D235604B900ACB57D /* ToDoList.xcdatamodel */;
			path = ToDoList.xcdatamodeld;
			sourceTree = "<group>";
			versionGroupType = wrapper.xcdatamodel;
		};
/* End XCVersionGroup section */
	};
	rootObject = EEBD9FFD235604B900ACB57D /* Project object */;
}
